
Microsoft Visual Studio Solution File, Format Version 12.00
# Visual Studio Version 17
VisualStudioVersion = 17.6.33815.320
MinimumVisualStudioVersion = 10.0.40219.1
Project("{FAE04EC0-301F-11D3-BF4B-00C04F79EFBC}") = "GraphDL", "GraphDL\GraphDL.csproj", "{1688EEA2-51DF-4A0D-B269-73820DAF6207}"
EndProject
Global
	GlobalSection(SolutionConfigurationPlatforms) = preSolution
		Debug|Any CPU = Debug|Any CPU
		Release|Any CPU = Release|Any CPU
	EndGlobalSection
	GlobalSection(ProjectConfigurationPlatforms) = postSolution
		{1688EEA2-51DF-4A0D-B269-73820DAF6207}.Debug|Any CPU.ActiveCfg = Debug|Any CPU
		{1688EEA2-51DF-4A0D-B269-73820DAF6207}.Debug|Any CPU.Build.0 = Debug|Any CPU
		{1688EEA2-51DF-4A0D-B269-73820DAF6207}.Release|Any CPU.ActiveCfg = Release|Any CPU
		{1688EEA2-51DF-4A0D-B269-73820DAF6207}.Release|Any CPU.Build.0 = Release|Any CPU
	EndGlobalSection
	GlobalSection(SolutionProperties) = preSolution
		HideSolutionNode = FALSE
	EndGlobalSection
	GlobalSection(ExtensibilityGlobals) = postSolution
		SolutionGuid = {4BD1B887-95BC-408D-BF0A-83A81B88BED9}
	EndGlobalSection
EndGlobal
